
Microsoft Visual Studio Solution File, Format Version 12.00
# Visual Studio Version 17
VisualStudioVersion = 17.5.33530.505
MinimumVisualStudioVersion = 10.0.40219.1
Project("{FAE04EC0-301F-11D3-BF4B-00C04F79EFBC}") = "ResumeModuleApp", "ResumeModuleApp\ResumeModuleApp.csproj", "{01DD6334-A5FF-4735-ACCD-9BF4BC189206}"
EndProject
Global
	GlobalSection(SolutionConfigurationPlatforms) = preSolution
		Debug|Any CPU = Debug|Any CPU
		Release|Any CPU = Release|Any CPU
	EndGlobalSection
	GlobalSection(ProjectConfigurationPlatforms) = postSolution
		{01DD6334-A5FF-4735-ACCD-9BF4BC189206}.Debug|Any CPU.ActiveCfg = Debug|Any CPU
		{01DD6334-A5FF-4735-ACCD-9BF4BC189206}.Debug|Any CPU.Build.0 = Debug|Any CPU
		{01DD6334-A5FF-4735-ACCD-9BF4BC189206}.Release|Any CPU.ActiveCfg = Release|Any CPU
		{01DD6334-A5FF-4735-ACCD-9BF4BC189206}.Release|Any CPU.Build.0 = Release|Any CPU
	EndGlobalSection
	GlobalSection(SolutionProperties) = preSolution
		HideSolutionNode = FALSE
	EndGlobalSection
	GlobalSection(ExtensibilityGlobals) = postSolution
		SolutionGuid = {2643594F-85D5-496C-9A0B-46BDAD0C5F79}
	EndGlobalSection
EndGlobal
